
Microsoft Visual Studio Solution File, Format Version 12.00
# Visual Studio 14
VisualStudioVersion = 14.0.25420.1
MinimumVisualStudioVersion = 10.0.40219.1
Project("{FAE04EC0-301F-11D3-BF4B-00C04F79EFBC}") = "GuaranteedRate.Sextant", "GuaranteedRate.Sextant\GuaranteedRate.Sextant.csproj", "{6388E4A7-456A-4363-9AC4-936F742CA63F}"
EndProject
Project("{2150E333-8FDC-42A3-9474-1A3956D46DE8}") = "Solution Items", "Solution Items", "{E07E09F8-4100-490E-93D7-0C70EBAE92E7}"
	ProjectSection(SolutionItems) = preProject
		CHANGELOG.md = CHANGELOG.md
		doc\img\Field1393.png = doc\img\Field1393.png
		doc\img\ilMerge-postBuild.png = doc\img\ilMerge-postBuild.png
		README.md = README.md
	EndProjectSection
EndProject
Project("{FAE04EC0-301F-11D3-BF4B-00C04F79EFBC}") = "GuaranteedRate.Examples.FieldUtils", "GuaranteedRate.Examples.FieldUtils\GuaranteedRate.Examples.FieldUtils.csproj", "{B450AABC-7BCA-4A3B-8D4D-4461FD5D1240}"
EndProject
Project("{FAE04EC0-301F-11D3-BF4B-00C04F79EFBC}") = "GuaranteedRate.Examples.LoanDataUtils", "GuaranteedRate.Examples.LoanDataUtils\GuaranteedRate.Examples.LoanDataUtils.csproj", "{08D22672-6FE5-44DE-B2B0-8928ACFF0091}"
EndProject
Project("{FAE04EC0-301F-11D3-BF4B-00C04F79EFBC}") = "GuaranteedRate.Examples.ReportingUtils", "GuaranteedRate.Examples.ReportingUtils\GuaranteedRate.Examples.ReportingUtils.csproj", "{9C5B655D-02A2-46BE-99C6-3BFEF6C6D4DC}"
EndProject
Project("{FAE04EC0-301F-11D3-BF4B-00C04F79EFBC}") = "GuaranteedRate.Examples.UserUtils", "GuaranteedRate.Examples.UserUtils\GuaranteedRate.Examples.UserUtils.csproj", "{47DD2EC4-99F6-40CD-BDB7-15D15B72F124}"
EndProject
Project("{FAE04EC0-301F-11D3-BF4B-00C04F79EFBC}") = "GuaranteedRate.Util.IndexFields", "GuaranteedRate.Util.IndexFields\GuaranteedRate.Util.IndexFields.csproj", "{91257481-3D46-4515-8BBB-1311DD6EABD3}"
EndProject
Project("{FAE04EC0-301F-11D3-BF4B-00C04F79EFBC}") = "GuaranteedRate.SextantTests", "GuaranteedRate.SextantTests\GuaranteedRate.SextantTests.csproj", "{3D92AB6D-16CD-4BDC-B64C-4AEBEFDAC378}"
EndProject
Project("{2150E333-8FDC-42A3-9474-1A3956D46DE8}") = "BuildYourOwnEncompassNuget", "BuildYourOwnEncompassNuget", "{DCEA544E-C56A-45BF-9626-DA9922D2B27C}"
	ProjectSection(SolutionItems) = preProject
		EncompassSDK.Complete.nuspec = EncompassSDK.Complete.nuspec
		Instructions.md = Instructions.md
	EndProjectSection
EndProject
Project("{2150E333-8FDC-42A3-9474-1A3956D46DE8}") = "EncompassFilesGoHere", "EncompassFilesGoHere", "{AFA7929B-100C-422D-8239-1C706E0A7F24}"
EndProject
Project("{FAE04EC0-301F-11D3-BF4B-00C04F79EFBC}") = "GuaranteedRate.Sextant.CustomFieldComparer", "GuaranteedRate.Sextant.CustomFieldComparer\GuaranteedRate.Sextant.CustomFieldComparer.csproj", "{873E749D-42D9-4385-B426-C72728A52554}"
EndProject
Global
	GlobalSection(SolutionConfigurationPlatforms) = preSolution
		Debug|Any CPU = Debug|Any CPU
		Release|Any CPU = Release|Any CPU
	EndGlobalSection
	GlobalSection(ProjectConfigurationPlatforms) = postSolution
		{6388E4A7-456A-4363-9AC4-936F742CA63F}.Debug|Any CPU.ActiveCfg = Debug|Any CPU
		{6388E4A7-456A-4363-9AC4-936F742CA63F}.Debug|Any CPU.Build.0 = Debug|Any CPU
		{6388E4A7-456A-4363-9AC4-936F742CA63F}.Release|Any CPU.ActiveCfg = Release|Any CPU
		{6388E4A7-456A-4363-9AC4-936F742CA63F}.Release|Any CPU.Build.0 = Release|Any CPU
		{B450AABC-7BCA-4A3B-8D4D-4461FD5D1240}.Debug|Any CPU.ActiveCfg = Debug|Any CPU
		{B450AABC-7BCA-4A3B-8D4D-4461FD5D1240}.Debug|Any CPU.Build.0 = Debug|Any CPU
		{B450AABC-7BCA-4A3B-8D4D-4461FD5D1240}.Release|Any CPU.ActiveCfg = Release|Any CPU
		{B450AABC-7BCA-4A3B-8D4D-4461FD5D1240}.Release|Any CPU.Build.0 = Release|Any CPU
		{08D22672-6FE5-44DE-B2B0-8928ACFF0091}.Debug|Any CPU.ActiveCfg = Debug|Any CPU
		{08D22672-6FE5-44DE-B2B0-8928ACFF0091}.Debug|Any CPU.Build.0 = Debug|Any CPU
		{08D22672-6FE5-44DE-B2B0-8928ACFF0091}.Release|Any CPU.ActiveCfg = Release|Any CPU
		{08D22672-6FE5-44DE-B2B0-8928ACFF0091}.Release|Any CPU.Build.0 = Release|Any CPU
		{9C5B655D-02A2-46BE-99C6-3BFEF6C6D4DC}.Debug|Any CPU.ActiveCfg = Debug|Any CPU
		{9C5B655D-02A2-46BE-99C6-3BFEF6C6D4DC}.Debug|Any CPU.Build.0 = Debug|Any CPU
		{9C5B655D-02A2-46BE-99C6-3BFEF6C6D4DC}.Release|Any CPU.ActiveCfg = Release|Any CPU
		{9C5B655D-02A2-46BE-99C6-3BFEF6C6D4DC}.Release|Any CPU.Build.0 = Release|Any CPU
		{47DD2EC4-99F6-40CD-BDB7-15D15B72F124}.Debug|Any CPU.ActiveCfg = Debug|Any CPU
		{47DD2EC4-99F6-40CD-BDB7-15D15B72F124}.Debug|Any CPU.Build.0 = Debug|Any CPU
		{47DD2EC4-99F6-40CD-BDB7-15D15B72F124}.Release|Any CPU.ActiveCfg = Release|Any CPU
		{47DD2EC4-99F6-40CD-BDB7-15D15B72F124}.Release|Any CPU.Build.0 = Release|Any CPU
		{91257481-3D46-4515-8BBB-1311DD6EABD3}.Debug|Any CPU.ActiveCfg = Debug|Any CPU
		{91257481-3D46-4515-8BBB-1311DD6EABD3}.Debug|Any CPU.Build.0 = Debug|Any CPU
		{91257481-3D46-4515-8BBB-1311DD6EABD3}.Release|Any CPU.ActiveCfg = Release|Any CPU
		{91257481-3D46-4515-8BBB-1311DD6EABD3}.Release|Any CPU.Build.0 = Release|Any CPU
		{3D92AB6D-16CD-4BDC-B64C-4AEBEFDAC378}.Debug|Any CPU.ActiveCfg = Debug|Any CPU
		{3D92AB6D-16CD-4BDC-B64C-4AEBEFDAC378}.Debug|Any CPU.Build.0 = Debug|Any CPU
		{3D92AB6D-16CD-4BDC-B64C-4AEBEFDAC378}.Release|Any CPU.ActiveCfg = Release|Any CPU
		{3D92AB6D-16CD-4BDC-B64C-4AEBEFDAC378}.Release|Any CPU.Build.0 = Release|Any CPU
		{873E749D-42D9-4385-B426-C72728A52554}.Debug|Any CPU.ActiveCfg = Debug|Any CPU
		{873E749D-42D9-4385-B426-C72728A52554}.Debug|Any CPU.Build.0 = Debug|Any CPU
		{873E749D-42D9-4385-B426-C72728A52554}.Release|Any CPU.ActiveCfg = Release|Any CPU
		{873E749D-42D9-4385-B426-C72728A52554}.Release|Any CPU.Build.0 = Release|Any CPU
	EndGlobalSection
	GlobalSection(SolutionProperties) = preSolution
		HideSolutionNode = FALSE
	EndGlobalSection
	GlobalSection(NestedProjects) = preSolution
		{AFA7929B-100C-422D-8239-1C706E0A7F24} = {DCEA544E-C56A-45BF-9626-DA9922D2B27C}
	EndGlobalSection
EndGlobal
